<Solution>
  <Folder Name="/Solution Items/">
    <File Path=".editorconfig" />
  </Folder>
  <Project Path="BlazorApp01.DataAccess/BlazorApp01.DataAccess.csproj" />
  <Project Path="BlazorApp01.Domain/BlazorApp01.Domain.csproj" />
  <Project Path="BlazorApp01.Web/BlazorApp01.Web.csproj" />
</Solution>
